
Microsoft Visual Studio Solution File, Format Version 12.00
# Visual Studio 2013
VisualStudioVersion = 12.0.30501.0
MinimumVisualStudioVersion = 10.0.40219.1
Project("{F2A71F9B-5D33-465A-A702-920D77279786}") = "HaskellInterpreter", "HaskellInterpreter\HaskellInterpreter.fsproj", "{339BA229-6753-4DEC-83FD-52827C4C98AC}"
EndProject
Project("{F2A71F9B-5D33-465A-A702-920D77279786}") = "Tests", "Tests\Tests.fsproj", "{DF0FE7F7-6D6F-4C4E-80E6-5C0AD23899BC}"
EndProject
Project("{2150E333-8FDC-42A3-9474-1A3956D46DE8}") = ".nuget", ".nuget", "{B9FE4F86-23C8-410A-A0C3-7DA4E240FEDD}"
	ProjectSection(SolutionItems) = preProject
		.nuget\packages.config = .nuget\packages.config
	EndProjectSection
EndProject
Global
	GlobalSection(SolutionConfigurationPlatforms) = preSolution
		Debug|Any CPU = Debug|Any CPU
		Release|Any CPU = Release|Any CPU
	EndGlobalSection
	GlobalSection(ProjectConfigurationPlatforms) = postSolution
		{339BA229-6753-4DEC-83FD-52827C4C98AC}.Debug|Any CPU.ActiveCfg = Debug|Any CPU
		{339BA229-6753-4DEC-83FD-52827C4C98AC}.Debug|Any CPU.Build.0 = Debug|Any CPU
		{339BA229-6753-4DEC-83FD-52827C4C98AC}.Release|Any CPU.ActiveCfg = Release|Any CPU
		{339BA229-6753-4DEC-83FD-52827C4C98AC}.Release|Any CPU.Build.0 = Release|Any CPU
		{DF0FE7F7-6D6F-4C4E-80E6-5C0AD23899BC}.Debug|Any CPU.ActiveCfg = Debug|Any CPU
		{DF0FE7F7-6D6F-4C4E-80E6-5C0AD23899BC}.Debug|Any CPU.Build.0 = Debug|Any CPU
		{DF0FE7F7-6D6F-4C4E-80E6-5C0AD23899BC}.Release|Any CPU.ActiveCfg = Release|Any CPU
		{DF0FE7F7-6D6F-4C4E-80E6-5C0AD23899BC}.Release|Any CPU.Build.0 = Release|Any CPU
	EndGlobalSection
	GlobalSection(SolutionProperties) = preSolution
		HideSolutionNode = FALSE
	EndGlobalSection
EndGlobal
